
Microsoft Visual Studio Solution File, Format Version 12.00
# Visual Studio 15
VisualStudioVersion = 15.0.26124.0
MinimumVisualStudioVersion = 15.0.26124.0
Project("{FAE04EC0-301F-11D3-BF4B-00C04F79EFBC}") = "StattyBot", "StattyBot\StattyBot.csproj", "{4A82A8D1-C7A9-432B-9A81-2E34559A53C9}"
EndProject
Project("{FAE04EC0-301F-11D3-BF4B-00C04F79EFBC}") = "StattyTests", "StattyTests\StattyTests.csproj", "{10D14EBA-2F58-4ED9-8EBE-DFFFF32E36B8}"
EndProject
Project("{FAE04EC0-301F-11D3-BF4B-00C04F79EFBC}") = "BeatmapProcessor", "BeatmapProcessor\BeatmapProcessor.csproj", "{8A7868F3-A217-4D30-A45B-9A820FD58E0D}"
EndProject
Global
	GlobalSection(SolutionConfigurationPlatforms) = preSolution
		Debug|Any CPU = Debug|Any CPU
		Debug|x64 = Debug|x64
		Debug|x86 = Debug|x86
		Release|Any CPU = Release|Any CPU
		Release|x64 = Release|x64
		Release|x86 = Release|x86
		Staging|Any CPU = Staging|Any CPU
		Staging|x64 = Staging|x64
		Staging|x86 = Staging|x86
	EndGlobalSection
	GlobalSection(SolutionProperties) = preSolution
		HideSolutionNode = FALSE
	EndGlobalSection
	GlobalSection(ProjectConfigurationPlatforms) = postSolution
		{4A82A8D1-C7A9-432B-9A81-2E34559A53C9}.Debug|Any CPU.ActiveCfg = Debug|Any CPU
		{4A82A8D1-C7A9-432B-9A81-2E34559A53C9}.Debug|Any CPU.Build.0 = Debug|Any CPU
		{4A82A8D1-C7A9-432B-9A81-2E34559A53C9}.Debug|x64.ActiveCfg = Debug|Any CPU
		{4A82A8D1-C7A9-432B-9A81-2E34559A53C9}.Debug|x64.Build.0 = Debug|Any CPU
		{4A82A8D1-C7A9-432B-9A81-2E34559A53C9}.Debug|x86.ActiveCfg = Debug|Any CPU
		{4A82A8D1-C7A9-432B-9A81-2E34559A53C9}.Debug|x86.Build.0 = Debug|Any CPU
		{4A82A8D1-C7A9-432B-9A81-2E34559A53C9}.Release|Any CPU.ActiveCfg = Release|Any CPU
		{4A82A8D1-C7A9-432B-9A81-2E34559A53C9}.Release|Any CPU.Build.0 = Release|Any CPU
		{4A82A8D1-C7A9-432B-9A81-2E34559A53C9}.Release|x64.ActiveCfg = Release|Any CPU
		{4A82A8D1-C7A9-432B-9A81-2E34559A53C9}.Release|x64.Build.0 = Release|Any CPU
		{4A82A8D1-C7A9-432B-9A81-2E34559A53C9}.Release|x86.ActiveCfg = Release|Any CPU
		{4A82A8D1-C7A9-432B-9A81-2E34559A53C9}.Release|x86.Build.0 = Release|Any CPU
		{4A82A8D1-C7A9-432B-9A81-2E34559A53C9}.Staging|Any CPU.ActiveCfg = Staging|Any CPU
		{4A82A8D1-C7A9-432B-9A81-2E34559A53C9}.Staging|Any CPU.Build.0 = Staging|Any CPU
		{4A82A8D1-C7A9-432B-9A81-2E34559A53C9}.Staging|x64.ActiveCfg = Staging|x64
		{4A82A8D1-C7A9-432B-9A81-2E34559A53C9}.Staging|x64.Build.0 = Staging|x64
		{4A82A8D1-C7A9-432B-9A81-2E34559A53C9}.Staging|x86.ActiveCfg = Staging|x86
		{4A82A8D1-C7A9-432B-9A81-2E34559A53C9}.Staging|x86.Build.0 = Staging|x86
		{10D14EBA-2F58-4ED9-8EBE-DFFFF32E36B8}.Debug|Any CPU.ActiveCfg = Debug|Any CPU
		{10D14EBA-2F58-4ED9-8EBE-DFFFF32E36B8}.Debug|Any CPU.Build.0 = Debug|Any CPU
		{10D14EBA-2F58-4ED9-8EBE-DFFFF32E36B8}.Debug|x64.ActiveCfg = Debug|Any CPU
		{10D14EBA-2F58-4ED9-8EBE-DFFFF32E36B8}.Debug|x64.Build.0 = Debug|Any CPU
		{10D14EBA-2F58-4ED9-8EBE-DFFFF32E36B8}.Debug|x86.ActiveCfg = Debug|Any CPU
		{10D14EBA-2F58-4ED9-8EBE-DFFFF32E36B8}.Debug|x86.Build.0 = Debug|Any CPU
		{10D14EBA-2F58-4ED9-8EBE-DFFFF32E36B8}.Release|Any CPU.ActiveCfg = Release|Any CPU
		{10D14EBA-2F58-4ED9-8EBE-DFFFF32E36B8}.Release|Any CPU.Build.0 = Release|Any CPU
		{10D14EBA-2F58-4ED9-8EBE-DFFFF32E36B8}.Release|x64.ActiveCfg = Release|Any CPU
		{10D14EBA-2F58-4ED9-8EBE-DFFFF32E36B8}.Release|x64.Build.0 = Release|Any CPU
		{10D14EBA-2F58-4ED9-8EBE-DFFFF32E36B8}.Release|x86.ActiveCfg = Release|Any CPU
		{10D14EBA-2F58-4ED9-8EBE-DFFFF32E36B8}.Release|x86.Build.0 = Release|Any CPU
		{10D14EBA-2F58-4ED9-8EBE-DFFFF32E36B8}.Staging|Any CPU.ActiveCfg = Staging|Any CPU
		{10D14EBA-2F58-4ED9-8EBE-DFFFF32E36B8}.Staging|Any CPU.Build.0 = Staging|Any CPU
		{10D14EBA-2F58-4ED9-8EBE-DFFFF32E36B8}.Staging|x64.ActiveCfg = Staging|x64
		{10D14EBA-2F58-4ED9-8EBE-DFFFF32E36B8}.Staging|x64.Build.0 = Staging|x64
		{10D14EBA-2F58-4ED9-8EBE-DFFFF32E36B8}.Staging|x86.ActiveCfg = Staging|x86
		{10D14EBA-2F58-4ED9-8EBE-DFFFF32E36B8}.Staging|x86.Build.0 = Staging|x86
		{8A7868F3-A217-4D30-A45B-9A820FD58E0D}.Debug|Any CPU.ActiveCfg = Debug|Any CPU
		{8A7868F3-A217-4D30-A45B-9A820FD58E0D}.Debug|Any CPU.Build.0 = Debug|Any CPU
		{8A7868F3-A217-4D30-A45B-9A820FD58E0D}.Debug|x64.ActiveCfg = Debug|Any CPU
		{8A7868F3-A217-4D30-A45B-9A820FD58E0D}.Debug|x64.Build.0 = Debug|Any CPU
		{8A7868F3-A217-4D30-A45B-9A820FD58E0D}.Debug|x86.ActiveCfg = Debug|Any CPU
		{8A7868F3-A217-4D30-A45B-9A820FD58E0D}.Debug|x86.Build.0 = Debug|Any CPU
		{8A7868F3-A217-4D30-A45B-9A820FD58E0D}.Release|Any CPU.ActiveCfg = Release|Any CPU
		{8A7868F3-A217-4D30-A45B-9A820FD58E0D}.Release|Any CPU.Build.0 = Release|Any CPU
		{8A7868F3-A217-4D30-A45B-9A820FD58E0D}.Release|x64.ActiveCfg = Release|Any CPU
		{8A7868F3-A217-4D30-A45B-9A820FD58E0D}.Release|x64.Build.0 = Release|Any CPU
		{8A7868F3-A217-4D30-A45B-9A820FD58E0D}.Release|x86.ActiveCfg = Release|Any CPU
		{8A7868F3-A217-4D30-A45B-9A820FD58E0D}.Release|x86.Build.0 = Release|Any CPU
		{8A7868F3-A217-4D30-A45B-9A820FD58E0D}.Staging|Any CPU.ActiveCfg = Debug|Any CPU
		{8A7868F3-A217-4D30-A45B-9A820FD58E0D}.Staging|Any CPU.Build.0 = Debug|Any CPU
		{8A7868F3-A217-4D30-A45B-9A820FD58E0D}.Staging|x64.ActiveCfg = Debug|Any CPU
		{8A7868F3-A217-4D30-A45B-9A820FD58E0D}.Staging|x64.Build.0 = Debug|Any CPU
		{8A7868F3-A217-4D30-A45B-9A820FD58E0D}.Staging|x86.ActiveCfg = Debug|Any CPU
		{8A7868F3-A217-4D30-A45B-9A820FD58E0D}.Staging|x86.Build.0 = Debug|Any CPU
	EndGlobalSection
EndGlobal
